
Microsoft Visual Studio Solution File, Format Version 12.00
# Visual Studio Version 16
VisualStudioVersion = 16.0.31019.35
MinimumVisualStudioVersion = 10.0.40219.1
Project("{FAE04EC0-301F-11D3-BF4B-00C04F79EFBC}") = "MEDAZ.SCAN.Android", "MEDAZ.SCAN.Android\MEDAZ.SCAN.Android.csproj", "{D77DCA37-4F37-4E46-9044-90466609874C}"
EndProject
Project("{FAE04EC0-301F-11D3-BF4B-00C04F79EFBC}") = "MEDAZ.SCAN.iOS", "MEDAZ.SCAN.iOS\MEDAZ.SCAN.iOS.csproj", "{DCB19305-AE3F-4761-B359-08C2C76DB56F}"
EndProject
Project("{9A19103F-16F7-4668-BE54-9A1E7A4F7556}") = "MEDAZ.SCAN", "MEDAZ.SCAN\MEDAZ.SCAN.csproj", "{0C537DC3-FA9B-41F2-A4DF-224014A4F89A}"
EndProject
Global
	GlobalSection(SolutionConfigurationPlatforms) = preSolution
		Debug|Any CPU = Debug|Any CPU
		Debug|iPhone = Debug|iPhone
		Debug|iPhoneSimulator = Debug|iPhoneSimulator
		Release|Any CPU = Release|Any CPU
		Release|iPhone = Release|iPhone
		Release|iPhoneSimulator = Release|iPhoneSimulator
	EndGlobalSection
	GlobalSection(ProjectConfigurationPlatforms) = postSolution
		{D77DCA37-4F37-4E46-9044-90466609874C}.Debug|Any CPU.ActiveCfg = Debug|Any CPU
		{D77DCA37-4F37-4E46-9044-90466609874C}.Debug|Any CPU.Build.0 = Debug|Any CPU
		{D77DCA37-4F37-4E46-9044-90466609874C}.Debug|Any CPU.Deploy.0 = Debug|Any CPU
		{D77DCA37-4F37-4E46-9044-90466609874C}.Debug|iPhone.ActiveCfg = Debug|Any CPU
		{D77DCA37-4F37-4E46-9044-90466609874C}.Debug|iPhone.Build.0 = Debug|Any CPU
		{D77DCA37-4F37-4E46-9044-90466609874C}.Debug|iPhone.Deploy.0 = Debug|Any CPU
		{D77DCA37-4F37-4E46-9044-90466609874C}.Debug|iPhoneSimulator.ActiveCfg = Debug|Any CPU
		{D77DCA37-4F37-4E46-9044-90466609874C}.Debug|iPhoneSimulator.Build.0 = Debug|Any CPU
		{D77DCA37-4F37-4E46-9044-90466609874C}.Debug|iPhoneSimulator.Deploy.0 = Debug|Any CPU
		{D77DCA37-4F37-4E46-9044-90466609874C}.Release|Any CPU.ActiveCfg = Release|Any CPU
		{D77DCA37-4F37-4E46-9044-90466609874C}.Release|Any CPU.Build.0 = Release|Any CPU
		{D77DCA37-4F37-4E46-9044-90466609874C}.Release|Any CPU.Deploy.0 = Release|Any CPU
		{D77DCA37-4F37-4E46-9044-90466609874C}.Release|iPhone.ActiveCfg = Release|Any CPU
		{D77DCA37-4F37-4E46-9044-90466609874C}.Release|iPhone.Build.0 = Release|Any CPU
		{D77DCA37-4F37-4E46-9044-90466609874C}.Release|iPhone.Deploy.0 = Release|Any CPU
		{D77DCA37-4F37-4E46-9044-90466609874C}.Release|iPhoneSimulator.ActiveCfg = Release|Any CPU
		{D77DCA37-4F37-4E46-9044-90466609874C}.Release|iPhoneSimulator.Build.0 = Release|Any CPU
		{D77DCA37-4F37-4E46-9044-90466609874C}.Release|iPhoneSimulator.Deploy.0 = Release|Any CPU
		{DCB19305-AE3F-4761-B359-08C2C76DB56F}.Debug|Any CPU.ActiveCfg = Debug|iPhone
		{DCB19305-AE3F-4761-B359-08C2C76DB56F}.Debug|Any CPU.Build.0 = Debug|iPhone
		{DCB19305-AE3F-4761-B359-08C2C76DB56F}.Debug|Any CPU.Deploy.0 = Debug|iPhone
		{DCB19305-AE3F-4761-B359-08C2C76DB56F}.Debug|iPhone.ActiveCfg = Debug|iPhone
		{DCB19305-AE3F-4761-B359-08C2C76DB56F}.Debug|iPhone.Build.0 = Debug|iPhone
		{DCB19305-AE3F-4761-B359-08C2C76DB56F}.Debug|iPhone.Deploy.0 = Debug|iPhone
		{DCB19305-AE3F-4761-B359-08C2C76DB56F}.Debug|iPhoneSimulator.ActiveCfg = Debug|iPhoneSimulator
		{DCB19305-AE3F-4761-B359-08C2C76DB56F}.Debug|iPhoneSimulator.Build.0 = Debug|iPhoneSimulator
		{DCB19305-AE3F-4761-B359-08C2C76DB56F}.Debug|iPhoneSimulator.Deploy.0 = Debug|iPhoneSimulator
		{DCB19305-AE3F-4761-B359-08C2C76DB56F}.Release|Any CPU.ActiveCfg = Release|iPhoneSimulator
		{DCB19305-AE3F-4761-B359-08C2C76DB56F}.Release|Any CPU.Build.0 = Release|iPhoneSimulator
		{DCB19305-AE3F-4761-B359-08C2C76DB56F}.Release|Any CPU.Deploy.0 = Release|iPhoneSimulator
		{DCB19305-AE3F-4761-B359-08C2C76DB56F}.Release|iPhone.ActiveCfg = Release|iPhone
		{DCB19305-AE3F-4761-B359-08C2C76DB56F}.Release|iPhone.Build.0 = Release|iPhone
		{DCB19305-AE3F-4761-B359-08C2C76DB56F}.Release|iPhone.Deploy.0 = Release|iPhone
		{DCB19305-AE3F-4761-B359-08C2C76DB56F}.Release|iPhoneSimulator.ActiveCfg = Release|iPhoneSimulator
		{DCB19305-AE3F-4761-B359-08C2C76DB56F}.Release|iPhoneSimulator.Build.0 = Release|iPhoneSimulator
		{DCB19305-AE3F-4761-B359-08C2C76DB56F}.Release|iPhoneSimulator.Deploy.0 = Release|iPhoneSimulator
		{0C537DC3-FA9B-41F2-A4DF-224014A4F89A}.Debug|Any CPU.ActiveCfg = Debug|Any CPU
		{0C537DC3-FA9B-41F2-A4DF-224014A4F89A}.Debug|Any CPU.Build.0 = Debug|Any CPU
		{0C537DC3-FA9B-41F2-A4DF-224014A4F89A}.Debug|Any CPU.Deploy.0 = Debug|Any CPU
		{0C537DC3-FA9B-41F2-A4DF-224014A4F89A}.Debug|iPhone.ActiveCfg = Debug|Any CPU
		{0C537DC3-FA9B-41F2-A4DF-224014A4F89A}.Debug|iPhone.Build.0 = Debug|Any CPU
		{0C537DC3-FA9B-41F2-A4DF-224014A4F89A}.Debug|iPhone.Deploy.0 = Debug|Any CPU
		{0C537DC3-FA9B-41F2-A4DF-224014A4F89A}.Debug|iPhoneSimulator.ActiveCfg = Debug|Any CPU
		{0C537DC3-FA9B-41F2-A4DF-224014A4F89A}.Debug|iPhoneSimulator.Build.0 = Debug|Any CPU
		{0C537DC3-FA9B-41F2-A4DF-224014A4F89A}.Debug|iPhoneSimulator.Deploy.0 = Debug|Any CPU
		{0C537DC3-FA9B-41F2-A4DF-224014A4F89A}.Release|Any CPU.ActiveCfg = Release|Any CPU
		{0C537DC3-FA9B-41F2-A4DF-224014A4F89A}.Release|Any CPU.Build.0 = Release|Any CPU
		{0C537DC3-FA9B-41F2-A4DF-224014A4F89A}.Release|Any CPU.Deploy.0 = Release|Any CPU
		{0C537DC3-FA9B-41F2-A4DF-224014A4F89A}.Release|iPhone.ActiveCfg = Release|Any CPU
		{0C537DC3-FA9B-41F2-A4DF-224014A4F89A}.Release|iPhone.Build.0 = Release|Any CPU
		{0C537DC3-FA9B-41F2-A4DF-224014A4F89A}.Release|iPhone.Deploy.0 = Release|Any CPU
		{0C537DC3-FA9B-41F2-A4DF-224014A4F89A}.Release|iPhoneSimulator.ActiveCfg = Release|Any CPU
		{0C537DC3-FA9B-41F2-A4DF-224014A4F89A}.Release|iPhoneSimulator.Build.0 = Release|Any CPU
		{0C537DC3-FA9B-41F2-A4DF-224014A4F89A}.Release|iPhoneSimulator.Deploy.0 = Release|Any CPU
	EndGlobalSection
	GlobalSection(SolutionProperties) = preSolution
		HideSolutionNode = FALSE
	EndGlobalSection
	GlobalSection(ExtensibilityGlobals) = postSolution
		SolutionGuid = {8AB853BD-7867-44A3-83D4-595FC5CFCB14}
	EndGlobalSection
EndGlobal
